// !$*UTF8*$!
{
	archiveVersion = 1;
	classes = {
	};
	objectVersion = 48;
	objects = {

/* Begin PBXBuildFile section */
		512A43F91F8310D300FA129B /* AppDelegate.swift in Sources */ = {isa = PBXBuildFile; fileRef = 512A43F81F8310D300FA129B /* AppDelegate.swift */; };
		512A43FB1F8310D300FA129B /* ViewController.swift in Sources */ = {isa = PBXBuildFile; fileRef = 512A43FA1F8310D300FA129B /* ViewController.swift */; };
		512A43FE1F8310D300FA129B /* Main.storyboard in Resources */ = {isa = PBXBuildFile; fileRef = 512A43FC1F8310D300FA129B /* Main.storyboard */; };
		512A44001F8310D300FA129B /* Assets.xcassets in Resources */ = {isa = PBXBuildFile; fileRef = 512A43FF1F8310D300FA129B /* Assets.xcassets */; };
		512A44031F8310D300FA129B /* LaunchScreen.storyboard in Resources */ = {isa = PBXBuildFile; fileRef = 512A44011F8310D300FA129B /* LaunchScreen.storyboard */; };
		512A440B1F8316F700FA129B /* HistoryViewController.swift in Sources */ = {isa = PBXBuildFile; fileRef = 512A440A1F8316F700FA129B /* HistoryViewController.swift */; };
/* End PBXBuildFile section */

/* Begin PBXFileReference section */
		512A43F51F8310D300FA129B /* YouAreFine.app */ = {isa = PBXFileReference; explicitFileType = wrapper.application; includeInIndex = 0; path = YouAreFine.app; sourceTree = BUILT_PRODUCTS_DIR; };
		512A43F81F8310D300FA129B /* AppDelegate.swift */ = {isa = PBXFileReference; lastKnownFileType = sourcecode.swift; path = AppDelegate.swift; sourceTree = "<group>"; };
		512A43FA1F8310D300FA129B /* ViewController.swift */ = {isa = PBXFileReference; lastKnownFileType = sourcecode.swift; path = ViewController.swift; sourceTree = "<group>"; };
		512A43FD1F8310D300FA129B /* Base */ = {isa = PBXFileReference; lastKnownFileType = file.storyboard; name = Base; path = Base.lproj/Main.storyboard; sourceTree = "<group>"; };
		512A43FF1F8310D300FA129B /* Assets.xcassets */ = {isa = PBXFileReference; lastKnownFileType = folder.assetcatalog; path = Assets.xcassets; sourceTree = "<group>"; };
		512A44021F8310D300FA129B /* Base */ = {isa = PBXFileReference; lastKnownFileType = file.storyboard; name = Base; path = Base.lproj/LaunchScreen.storyboard; sourceTree = "<group>"; };
		512A44041F8310D300FA129B /* Info.plist */ = {isa = PBXFileReference; lastKnownFileType = text.plist.xml; path = Info.plist; sourceTree = "<group>"; };
		512A440A1F8316F700FA129B /* HistoryViewController.swift */ = {isa = PBXFileReference; lastKnownFileType = sourcecode.swift; path = HistoryViewController.swift; sourceTree = "<group>"; };
/* End PBXFileReference section */

/* Begin PBXFrameworksBuildPhase section */
		512A43F21F8310D300FA129B /* Frameworks */ = {
			isa = PBXFrameworksBuildPhase;
			buildActionMask = 2147483647;
			files = (
			);
			runOnlyForDeploymentPostprocessing = 0;
		};
/* End PBXFrameworksBuildPhase section */

/* Begin PBXGroup section */
		512A43EC1F8310D300FA129B = {
			isa = PBXGroup;
			children = (
				512A43F71F8310D300FA129B /* YouAreFine */,
				512A43F61F8310D300FA129B /* Products */,
			);
			sourceTree = "<group>";
		};
		512A43F61F8310D300FA129B /* Products */ = {
			isa = PBXGroup;
			children = (
				512A43F51F8310D300FA129B /* YouAreFine.app */,
			);
			name = Products;
			sourceTree = "<group>";
		};
		512A43F71F8310D300FA129B /* YouAreFine */ = {
			isa = PBXGroup;
			children = (
				512A43F81F8310D300FA129B /* AppDelegate.swift */,
				512A43FA1F8310D300FA129B /* ViewController.swift */,
				512A440A1F8316F700FA129B /* HistoryViewController.swift */,
				512A43FC1F8310D300FA129B /* Main.storyboard */,
				512A43FF1F8310D300FA129B /* Assets.xcassets */,
				512A44011F8310D300FA129B /* LaunchScreen.storyboard */,
				512A44041F8310D300FA129B /* Info.plist */,
			);
			path = YouAreFine;
			sourceTree = "<group>";
		};
/* End PBXGroup section */

/* Begin PBXNativeTarget section */
		512A43F41F8310D300FA129B /* YouAreFine */ = {
			isa = PBXNativeTarget;
			buildConfigurationList = 512A44071F8310D300FA129B /* Build configuration list for PBXNativeTarget "YouAreFine" */;
			buildPhases = (
				512A43F11F8310D300FA129B /* Sources */,
				512A43F21F8310D300FA129B /* Frameworks */,
				512A43F31F8310D300FA129B /* Resources */,
			);
			buildRules = (
			);
			dependencies = (
			);
			name = YouAreFine;
			productName = YouAreFine;
			productReference = 512A43F51F8310D300FA129B /* YouAreFine.app */;
			productType = "com.apple.product-type.application";
		};
/* End PBXNativeTarget section */

/* Begin PBXProject section */
		512A43ED1F8310D300FA129B /* Project object */ = {
			isa = PBXProject;
			attributes = {
				LastSwiftUpdateCheck = 0900;
				LastUpgradeCheck = 0900;
				ORGANIZATIONNAME = "Mitchell Sweet";
				TargetAttributes = {
					512A43F41F8310D300FA129B = {
						CreatedOnToolsVersion = 9.0;
						ProvisioningStyle = Automatic;
					};
				};
			};
			buildConfigurationList = 512A43F01F8310D300FA129B /* Build configuration list for PBXProject "YouAreFine" */;
			compatibilityVersion = "Xcode 8.0";
			developmentRegion = en;
			hasScannedForEncodings = 0;
			knownRegions = (
				en,
				Base,
			);
			mainGroup = 512A43EC1F8310D300FA129B;
			productRefGroup = 512A43F61F8310D300FA129B /* Products */;
			projectDirPath = "";
			projectRoot = "";
			targets = (
				512A43F41F8310D300FA129B /* YouAreFine */,
			);
		};
/* End PBXProject section */

/* Begin PBXResourcesBuildPhase section */
		512A43F31F8310D300FA129B /* Resources */ = {
			isa = PBXResourcesBuildPhase;
			buildActionMask = 2147483647;
			files = (
				512A44031F8310D300FA129B /* LaunchScreen.storyboard in Resources */,
				512A44001F8310D300FA129B /* Assets.xcassets in Resources */,
				512A43FE1F8310D300FA129B /* Main.storyboard in Resources */,
			);
			runOnlyForDeploymentPostprocessing = 0;
		};
/* End PBXResourcesBuildPhase section */

/* Begin PBXSourcesBuildPhase section */
		512A43F11F8310D300FA129B /* Sources */ = {
			isa = PBXSourcesBuildPhase;
			buildActionMask = 2147483647;
			files = (
				512A440B1F8316F700FA129B /* HistoryViewController.swift in Sources */,
				512A43FB1F8310D300FA129B /* ViewController.swift in Sources */,
				512A43F91F8310D300FA129B /* AppDelegate.swift in Sources */,
			);
			runOnlyForDeploymentPostprocessing = 0;
		};
/* End PBXSourcesBuildPhase section */

/* Begin PBXVariantGroup section */
		512A43FC1F8310D300FA129B /* Main.storyboard */ = {
			isa = PBXVariantGroup;
			children = (
				512A43FD1F8310D300FA129B /* Base */,
			);
			name = Main.storyboard;
			sourceTree = "<group>";
		};
		512A44011F8310D300FA129B /* LaunchScreen.storyboard */ = {
			isa = PBXVariantGroup;
			children = (
				512A44021F8310D300FA129B /* Base */,
			);
			name = LaunchScreen.storyboard;
			sourceTree = "<group>";
		};
/* End PBXVariantGroup section */

/* Begin XCBuildConfiguration section */
		512A44051F8310D300FA129B /* Debug */ = {
			isa = XCBuildConfiguration;
			buildSettings = {
				ALWAYS_SEARCH_USER_PATHS = NO;
				CLANG_ANALYZER_NONNULL = YES;
				CLANG_ANALYZER_NUMBER_OBJECT_CONVERSION = YES_AGGRESSIVE;
				CLANG_CXX_LANGUAGE_STANDARD = "gnu++14";
				CLANG_CXX_LIBRARY = "libc++";
				CLANG_ENABLE_MODULES = YES;
				CLANG_ENABLE_OBJC_ARC = YES;
				CLANG_WARN_BLOCK_CAPTURE_AUTORELEASING = YES;
				CLANG_WARN_BOOL_CONVERSION = YES;
				CLANG_WARN_COMMA = YES;
				CLANG_WARN_CONSTANT_CONVERSION = YES;
				CLANG_WARN_DIRECT_OBJC_ISA_USAGE = YES_ERROR;
				CLANG_WARN_DOCUMENTATION_COMMENTS = YES;
				CLANG_WARN_EMPTY_BODY = YES;
				CLANG_WARN_ENUM_CONVERSION = YES;
				CLANG_WARN_INFINITE_RECURSION = YES;
				CLANG_WARN_INT_CONVERSION = YES;
				CLANG_WARN_NON_LITERAL_NULL_CONVERSION = YES;
				CLANG_WARN_OBJC_LITERAL_CONVERSION = YES;
				CLANG_WARN_OBJC_ROOT_CLASS = YES_ERROR;
				CLANG_WARN_RANGE_LOOP_ANALYSIS = YES;
				CLANG_WARN_STRICT_PROTOTYPES = YES;
				CLANG_WARN_SUSPICIOUS_MOVE = YES;
				CLANG_WARN_UNGUARDED_AVAILABILITY = YES_AGGRESSIVE;
				CLANG_WARN_UNREACHABLE_CODE = YES;
				CLANG_WARN__DUPLICATE_METHOD_MATCH = YES;
				CODE_SIGN_IDENTITY = "iPhone Developer";
				COPY_PHASE_STRIP = NO;
				DEBUG_INFORMATION_FORMAT = dwarf;
				ENABLE_STRICT_OBJC_MSGSEND = YES;
				ENABLE_TESTABILITY = YES;
				GCC_C_LANGUAGE_STANDARD = gnu11;
				GCC_DYNAMIC_NO_PIC = NO;
				GCC_NO_COMMON_BLOCKS = YES;
				GCC_OPTIMIZATION_LEVEL = 0;
				GCC_PREPROCESSOR_DEFINITIONS = (
					"DEBUG=1",
					"$(inherited)",
				);
				GCC_WARN_64_TO_32_BIT_CONVERSION = YES;
				GCC_WARN_ABOUT_RETURN_TYPE = YES_ERROR;
				GCC_WARN_UNDECLARED_SELECTOR = YES;
				GCC_WARN_UNINITIALIZED_AUTOS = YES_AGGRESSIVE;
				GCC_WARN_UNUSED_FUNCTION = YES;
				GCC_WARN_UNUSED_VARIABLE = YES;
				IPHONEOS_DEPLOYMENT_TARGET = 11.0;
				MTL_ENABLE_DEBUG_INFO = YES;
				ONLY_ACTIVE_ARCH = YES;
				SDKROOT = iphoneos;
				SWIFT_ACTIVE_COMPILATION_CONDITIONS = DEBUG;
				SWIFT_OPTIMIZATION_LEVEL = "-Onone";
			};
			name = Debug;
		};
		512A44061F8310D300FA129B /* Release */ = {
			isa = XCBuildConfiguration;
			buildSettings = {
				ALWAYS_SEARCH_USER_PATHS = NO;
				CLANG_ANALYZER_NONNULL = YES;
				CLANG_ANALYZER_NUMBER_OBJECT_CONVERSION = YES_AGGRESSIVE;
				CLANG_CXX_LANGUAGE_STANDARD = "gnu++14";
				CLANG_CXX_LIBRARY = "libc++";
				CLANG_ENABLE_MODULES = YES;
				CLANG_ENABLE_OBJC_ARC = YES;
				CLANG_WARN_BLOCK_CAPTURE_AUTORELEASING = YES;
				CLANG_WARN_BOOL_CONVERSION = YES;
				CLANG_WARN_COMMA = YES;
				CLANG_WARN_CONSTANT_CONVERSION = YES;
				CLANG_WARN_DIRECT_OBJC_ISA_USAGE = YES_ERROR;
				CLANG_WARN_DOCUMENTATION_COMMENTS = YES;
				CLANG_WARN_EMPTY_BODY = YES;
				CLANG_WARN_ENUM_CONVERSION = YES;
				CLANG_WARN_INFINITE_RECURSION = YES;
				CLANG_WARN_INT_CONVERSION = YES;
				CLANG_WARN_NON_LITERAL_NULL_CONVERSION = YES;
				CLANG_WARN_OBJC_LITERAL_CONVERSION = YES;
				CLANG_WARN_OBJC_ROOT_CLASS = YES_ERROR;
				CLANG_WARN_RANGE_LOOP_ANALYSIS = YES;
				CLANG_WARN_STRICT_PROTOTYPES = YES;
				CLANG_WARN_SUSPICIOUS_MOVE = YES;
				CLANG_WARN_UNGUARDED_AVAILABILITY = YES_AGGRESSIVE;
				CLANG_WARN_UNREACHABLE_CODE = YES;
				CLANG_WARN__DUPLICATE_METHOD_MATCH = YES;
				CODE_SIGN_IDENTITY = "iPhone Developer";
				COPY_PHASE_STRIP = NO;
				DEBUG_INFORMATION_FORMAT = "dwarf-with-dsym";
				ENABLE_NS_ASSERTIONS = NO;
				ENABLE_STRICT_OBJC_MSGSEND = YES;
				GCC_C_LANGUAGE_STANDARD = gnu11;
				GCC_NO_COMMON_BLOCKS = YES;
				GCC_WARN_64_TO_32_BIT_CONVERSION = YES;
				GCC_WARN_ABOUT_RETURN_TYPE = YES_ERROR;
				GCC_WARN_UNDECLARED_SELECTOR = YES;
				GCC_WARN_UNINITIALIZED_AUTOS = YES_AGGRESSIVE;
				GCC_WARN_UNUSED_FUNCTION = YES;
				GCC_WARN_UNUSED_VARIABLE = YES;
				IPHONEOS_DEPLOYMENT_TARGET = 11.0;
				MTL_ENABLE_DEBUG_INFO = NO;
				SDKROOT = iphoneos;
				SWIFT_OPTIMIZATION_LEVEL = "-Owholemodule";
				VALIDATE_PRODUCT = YES;
			};
			name = Release;
		};
		512A44081F8310D300FA129B /* Debug */ = {
			isa = XCBuildConfiguration;
			buildSettings = {
				ASSETCATALOG_COMPILER_APPICON_NAME = AppIcon;
				CODE_SIGN_STYLE = Automatic;
				DEVELOPMENT_TEAM = 3TCCEYF5TG;
				INFOPLIST_FILE = YouAreFine/Info.plist;
				IPHONEOS_DEPLOYMENT_TARGET = 10.1;
				LD_RUNPATH_SEARCH_PATHS = "$(inherited) @executable_path/Frameworks";
				PRODUCT_BUNDLE_IDENTIFIER = com.Mitchell.YouAreFine;
				PRODUCT_NAME = "$(TARGET_NAME)";
				SWIFT_VERSION = 4.0;
				TARGETED_DEVICE_FAMILY = "1,2";
			};
			name = Debug;
		};
		512A44091F8310D300FA129B /* Release */ = {
			isa = XCBuildConfiguration;
			buildSettings = {
				ASSETCATALOG_COMPILER_APPICON_NAME = AppIcon;
				CODE_SIGN_STYLE = Automatic;
				DEVELOPMENT_TEAM = 3TCCEYF5TG;
				INFOPLIST_FILE = YouAreFine/Info.plist;
				IPHONEOS_DEPLOYMENT_TARGET = 10.1;
				LD_RUNPATH_SEARCH_PATHS = "$(inherited) @executable_path/Frameworks";
				PRODUCT_BUNDLE_IDENTIFIER = com.Mitchell.YouAreFine;
				PRODUCT_NAME = "$(TARGET_NAME)";
				SWIFT_VERSION = 4.0;
				TARGETED_DEVICE_FAMILY = "1,2";
			};
			name = Release;
		};
/* End XCBuildConfiguration section */

/* Begin XCConfigurationList section */
		512A43F01F8310D300FA129B /* Build configuration list for PBXProject "YouAreFine" */ = {
			isa = XCConfigurationList;
			buildConfigurations = (
				512A44051F8310D300FA129B /* Debug */,
				512A44061F8310D300FA129B /* Release */,
			);
			defaultConfigurationIsVisible = 0;
			defaultConfigurationName = Release;
		};
		512A44071F8310D300FA129B /* Build configuration list for PBXNativeTarget "YouAreFine" */ = {
			isa = XCConfigurationList;
			buildConfigurations = (
				512A44081F8310D300FA129B /* Debug */,
				512A44091F8310D300FA129B /* Release */,
			);
			defaultConfigurationIsVisible = 0;
			defaultConfigurationName = Release;
		};
/* End XCConfigurationList section */
	};
	rootObject = 512A43ED1F8310D300FA129B /* Project object */;
}
